
Microsoft Visual Studio Solution File, Format Version 12.00
# Visual Studio Version 17
VisualStudioVersion = 17.6.33829.357
MinimumVisualStudioVersion = 10.0.40219.1
Project("{9A19103F-16F7-4668-BE54-9A1E7A4F7556}") = "PCDoctor", "PCDoctor\PCDoctor.csproj", "{35F1FD03-7682-4BD5-97B2-6A2492553372}"
EndProject
Project("{FAE04EC0-301F-11D3-BF4B-00C04F79EFBC}") = "PCDoctor.DataAccess", "PCDoctor.DataAccess\PCDoctor.DataAccess.csproj", "{8AC5314D-AF55-473B-86D9-4E717D0A626D}"
EndProject
Project("{FAE04EC0-301F-11D3-BF4B-00C04F79EFBC}") = "PCDoctor.Utilities", "PCDoctor.Utilities\PCDoctor.Utilities.csproj", "{8EB2E8E2-466B-4A88-921F-3FEAD5FF2A5A}"
EndProject
Project("{FAE04EC0-301F-11D3-BF4B-00C04F79EFBC}") = "PCDoctor.Models", "PCDoctor.Models\PCDoctor.Models.csproj", "{77D980DD-D7F9-4B8B-A7E1-F7D526AA3D86}"
EndProject
Global
	GlobalSection(SolutionConfigurationPlatforms) = preSolution
		Debug|Any CPU = Debug|Any CPU
		Release|Any CPU = Release|Any CPU
	EndGlobalSection
	GlobalSection(ProjectConfigurationPlatforms) = postSolution
		{35F1FD03-7682-4BD5-97B2-6A2492553372}.Debug|Any CPU.ActiveCfg = Debug|Any CPU
		{35F1FD03-7682-4BD5-97B2-6A2492553372}.Debug|Any CPU.Build.0 = Debug|Any CPU
		{35F1FD03-7682-4BD5-97B2-6A2492553372}.Release|Any CPU.ActiveCfg = Release|Any CPU
		{35F1FD03-7682-4BD5-97B2-6A2492553372}.Release|Any CPU.Build.0 = Release|Any CPU
		{8AC5314D-AF55-473B-86D9-4E717D0A626D}.Debug|Any CPU.ActiveCfg = Debug|Any CPU
		{8AC5314D-AF55-473B-86D9-4E717D0A626D}.Debug|Any CPU.Build.0 = Debug|Any CPU
		{8AC5314D-AF55-473B-86D9-4E717D0A626D}.Release|Any CPU.ActiveCfg = Release|Any CPU
		{8AC5314D-AF55-473B-86D9-4E717D0A626D}.Release|Any CPU.Build.0 = Release|Any CPU
		{8EB2E8E2-466B-4A88-921F-3FEAD5FF2A5A}.Debug|Any CPU.ActiveCfg = Debug|Any CPU
		{8EB2E8E2-466B-4A88-921F-3FEAD5FF2A5A}.Debug|Any CPU.Build.0 = Debug|Any CPU
		{8EB2E8E2-466B-4A88-921F-3FEAD5FF2A5A}.Release|Any CPU.ActiveCfg = Release|Any CPU
		{8EB2E8E2-466B-4A88-921F-3FEAD5FF2A5A}.Release|Any CPU.Build.0 = Release|Any CPU
		{77D980DD-D7F9-4B8B-A7E1-F7D526AA3D86}.Debug|Any CPU.ActiveCfg = Debug|Any CPU
		{77D980DD-D7F9-4B8B-A7E1-F7D526AA3D86}.Debug|Any CPU.Build.0 = Debug|Any CPU
		{77D980DD-D7F9-4B8B-A7E1-F7D526AA3D86}.Release|Any CPU.ActiveCfg = Release|Any CPU
		{77D980DD-D7F9-4B8B-A7E1-F7D526AA3D86}.Release|Any CPU.Build.0 = Release|Any CPU
	EndGlobalSection
	GlobalSection(SolutionProperties) = preSolution
		HideSolutionNode = FALSE
	EndGlobalSection
	GlobalSection(ExtensibilityGlobals) = postSolution
		SolutionGuid = {615AABD9-177B-4E7F-AE92-EC6125C69DF0}
	EndGlobalSection
EndGlobal
